
Microsoft Visual Studio Solution File, Format Version 12.00
# Visual Studio Version 17
VisualStudioVersion = 17.2.32519.379
MinimumVisualStudioVersion = 10.0.40219.1
Project("{9A19103F-16F7-4668-BE54-9A1E7A4F7556}") = "PeepoSetup", "PeepoSetup\PeepoSetup.csproj", "{D86BBCEA-4F67-4FE2-A73A-E3EBF8B4324D}"
EndProject
Global
	GlobalSection(SolutionConfigurationPlatforms) = preSolution
		Debug|Any CPU = Debug|Any CPU
		Release|Any CPU = Release|Any CPU
	EndGlobalSection
	GlobalSection(ProjectConfigurationPlatforms) = postSolution
		{D86BBCEA-4F67-4FE2-A73A-E3EBF8B4324D}.Debug|Any CPU.ActiveCfg = Debug|Any CPU
		{D86BBCEA-4F67-4FE2-A73A-E3EBF8B4324D}.Debug|Any CPU.Build.0 = Debug|Any CPU
		{D86BBCEA-4F67-4FE2-A73A-E3EBF8B4324D}.Release|Any CPU.ActiveCfg = Release|Any CPU
		{D86BBCEA-4F67-4FE2-A73A-E3EBF8B4324D}.Release|Any CPU.Build.0 = Release|Any CPU
	EndGlobalSection
	GlobalSection(SolutionProperties) = preSolution
		HideSolutionNode = FALSE
	EndGlobalSection
	GlobalSection(ExtensibilityGlobals) = postSolution
		SolutionGuid = {368A4321-4F88-47F9-AF40-DAF248E1F1CD}
	EndGlobalSection
EndGlobal
